
Microsoft Visual Studio Solution File, Format Version 12.00
# Visual Studio Version 17
VisualStudioVersion = 17.6.33723.286
MinimumVisualStudioVersion = 10.0.40219.1
Project("{FAE04EC0-301F-11D3-BF4B-00C04F79EFBC}") = "RabbitMQExcelCreate.Web", "RabbitMQExcelCreate.Web\RabbitMQExcelCreate.Web.csproj", "{B2E316F3-1BD9-4485-918A-1429EDEC08E9}"
EndProject
Project("{FAE04EC0-301F-11D3-BF4B-00C04F79EFBC}") = "Shared", "Shared\Shared.csproj", "{F1DC1E02-300D-499D-A158-1350F6F1D01C}"
EndProject
Global
	GlobalSection(SolutionConfigurationPlatforms) = preSolution
		Debug|Any CPU = Debug|Any CPU
		Release|Any CPU = Release|Any CPU
	EndGlobalSection
	GlobalSection(ProjectConfigurationPlatforms) = postSolution
		{B2E316F3-1BD9-4485-918A-1429EDEC08E9}.Debug|Any CPU.ActiveCfg = Debug|Any CPU
		{B2E316F3-1BD9-4485-918A-1429EDEC08E9}.Debug|Any CPU.Build.0 = Debug|Any CPU
		{B2E316F3-1BD9-4485-918A-1429EDEC08E9}.Release|Any CPU.ActiveCfg = Release|Any CPU
		{B2E316F3-1BD9-4485-918A-1429EDEC08E9}.Release|Any CPU.Build.0 = Release|Any CPU
		{F1DC1E02-300D-499D-A158-1350F6F1D01C}.Debug|Any CPU.ActiveCfg = Debug|Any CPU
		{F1DC1E02-300D-499D-A158-1350F6F1D01C}.Debug|Any CPU.Build.0 = Debug|Any CPU
		{F1DC1E02-300D-499D-A158-1350F6F1D01C}.Release|Any CPU.ActiveCfg = Release|Any CPU
		{F1DC1E02-300D-499D-A158-1350F6F1D01C}.Release|Any CPU.Build.0 = Release|Any CPU
	EndGlobalSection
	GlobalSection(SolutionProperties) = preSolution
		HideSolutionNode = FALSE
	EndGlobalSection
	GlobalSection(ExtensibilityGlobals) = postSolution
		SolutionGuid = {25F5BF54-2B5F-4514-96A6-A2ACCD4F4F00}
	EndGlobalSection
EndGlobal
